// !$*UTF8*$!
{
	archiveVersion = 1;
	classes = {
	};
	objectVersion = 46;
	objects = {

/* Begin PBXBuildFile section */
		9B148221168F6184007FC679 /* main.cpp in Sources */ = {isa = PBXBuildFile; fileRef = 9B148220168F6184007FC679 /* main.cpp */; };
		9B148223168F6184007FC679 /* NoPLGenerator.1 in CopyFiles */ = {isa = PBXBuildFile; fileRef = 9B148222168F6184007FC679 /* NoPLGenerator.1 */; };
		9B1483A2168F67AE007FC679 /* libNoPLc.a in Frameworks */ = {isa = PBXBuildFile; fileRef = 9B148333168F67AE007FC679 /* libNoPLc.a */; };
		9B1483A3168F67AE007FC679 /* libNoPLRuntime.a in Frameworks */ = {isa = PBXBuildFile; fileRef = 9B148339168F67AE007FC679 /* libNoPLRuntime.a */; };
		9B14841D1693D68F007FC679 /* AttributeData.cpp in Sources */ = {isa = PBXBuildFile; fileRef = 9B1484091693D68F007FC679 /* AttributeData.cpp */; };
		9B14841E1693D68F007FC679 /* AttributeGroupData.cpp in Sources */ = {isa = PBXBuildFile; fileRef = 9B14840B1693D68F007FC679 /* AttributeGroupData.cpp */; };
		9B1484201693D68F007FC679 /* ComplexTypeData.cpp in Sources */ = {isa = PBXBuildFile; fileRef = 9B14840F1693D68F007FC679 /* ComplexTypeData.cpp */; };
		9B1484211693D68F007FC679 /* ElementData.cpp in Sources */ = {isa = PBXBuildFile; fileRef = 9B1484111693D68F007FC679 /* ElementData.cpp */; };
		9B1484221693D68F007FC679 /* GroupData.cpp in Sources */ = {isa = PBXBuildFile; fileRef = 9B1484131693D68F007FC679 /* GroupData.cpp */; };
		9B1484231693D68F007FC679 /* NotationData.cpp in Sources */ = {isa = PBXBuildFile; fileRef = 9B1484161693D68F007FC679 /* NotationData.cpp */; };
		9B1484241693D68F007FC679 /* SchemaData.cpp in Sources */ = {isa = PBXBuildFile; fileRef = 9B1484181693D68F007FC679 /* SchemaData.cpp */; };
		9B1484251693D68F007FC679 /* SimpleTypeData.cpp in Sources */ = {isa = PBXBuildFile; fileRef = 9B14841A1693D68F007FC679 /* SimpleTypeData.cpp */; };
		A2D77DE61692536100E892D1 /* libxml2.dylib in Frameworks */ = {isa = PBXBuildFile; fileRef = A2D77DE31692526400E892D1 /* libxml2.dylib */; };
/* End PBXBuildFile section */

/* Begin PBXCopyFilesBuildPhase section */
		9B14821A168F6184007FC679 /* CopyFiles */ = {
			isa = PBXCopyFilesBuildPhase;
			buildActionMask = 2147483647;
			dstPath = /usr/share/man/man1/;
			dstSubfolderSpec = 0;
			files = (
				9B148223168F6184007FC679 /* NoPLGenerator.1 in CopyFiles */,
			);
			runOnlyForDeploymentPostprocessing = 1;
		};
/* End PBXCopyFilesBuildPhase section */

/* Begin PBXFileReference section */
		9B14821C168F6184007FC679 /* NoPLGenerator */ = {isa = PBXFileReference; explicitFileType = "compiled.mach-o.executable"; includeInIndex = 0; path = NoPLGenerator; sourceTree = BUILT_PRODUCTS_DIR; };
		9B148220168F6184007FC679 /* main.cpp */ = {isa = PBXFileReference; lastKnownFileType = sourcecode.cpp.cpp; path = main.cpp; sourceTree = "<group>"; };
		9B148222168F6184007FC679 /* NoPLGenerator.1 */ = {isa = PBXFileReference; lastKnownFileType = text.man; path = NoPLGenerator.1; sourceTree = "<group>"; };
		9B148332168F67AE007FC679 /* NoPLc.h */ = {isa = PBXFileReference; fileEncoding = 4; lastKnownFileType = sourcecode.c.h; path = NoPLc.h; sourceTree = "<group>"; };
		9B148333168F67AE007FC679 /* libNoPLc.a */ = {isa = PBXFileReference; lastKnownFileType = archive.ar; path = libNoPLc.a; sourceTree = "<group>"; };
		9B148336168F67AE007FC679 /* NoPLRuntime.h */ = {isa = PBXFileReference; fileEncoding = 4; lastKnownFileType = sourcecode.c.h; path = NoPLRuntime.h; sourceTree = "<group>"; };
		9B148337168F67AE007FC679 /* NoPLStandardFunctions.h */ = {isa = PBXFileReference; fileEncoding = 4; lastKnownFileType = sourcecode.c.h; path = NoPLStandardFunctions.h; sourceTree = "<group>"; };
		9B148338168F67AE007FC679 /* NoPLValues.h */ = {isa = PBXFileReference; fileEncoding = 4; lastKnownFileType = sourcecode.c.h; path = NoPLValues.h; sourceTree = "<group>"; };
		9B148339168F67AE007FC679 /* libNoPLRuntime.a */ = {isa = PBXFileReference; lastKnownFileType = archive.ar; path = libNoPLRuntime.a; sourceTree = "<group>"; };
		9B1484091693D68F007FC679 /* AttributeData.cpp */ = {isa = PBXFileReference; fileEncoding = 4; lastKnownFileType = sourcecode.cpp.cpp; path = AttributeData.cpp; sourceTree = "<group>"; };
		9B14840A1693D68F007FC679 /* AttributeData.h */ = {isa = PBXFileReference; fileEncoding = 4; lastKnownFileType = sourcecode.c.h; path = AttributeData.h; sourceTree = "<group>"; };
		9B14840B1693D68F007FC679 /* AttributeGroupData.cpp */ = {isa = PBXFileReference; fileEncoding = 4; lastKnownFileType = sourcecode.cpp.cpp; path = AttributeGroupData.cpp; sourceTree = "<group>"; };
		9B14840C1693D68F007FC679 /* AttributeGroupData.h */ = {isa = PBXFileReference; fileEncoding = 4; lastKnownFileType = sourcecode.c.h; path = AttributeGroupData.h; sourceTree = "<group>"; };
		9B14840F1693D68F007FC679 /* ComplexTypeData.cpp */ = {isa = PBXFileReference; fileEncoding = 4; lastKnownFileType = sourcecode.cpp.cpp; path = ComplexTypeData.cpp; sourceTree = "<group>"; };
		9B1484101693D68F007FC679 /* ComplexTypeData.h */ = {isa = PBXFileReference; fileEncoding = 4; lastKnownFileType = sourcecode.c.h; path = ComplexTypeData.h; sourceTree = "<group>"; };
		9B1484111693D68F007FC679 /* ElementData.cpp */ = {isa = PBXFileReference; fileEncoding = 4; lastKnownFileType = sourcecode.cpp.cpp; path = ElementData.cpp; sourceTree = "<group>"; };
		9B1484121693D68F007FC679 /* ElementData.h */ = {isa = PBXFileReference; fileEncoding = 4; lastKnownFileType = sourcecode.c.h; path = ElementData.h; sourceTree = "<group>"; };
		9B1484131693D68F007FC679 /* GroupData.cpp */ = {isa = PBXFileReference; fileEncoding = 4; lastKnownFileType = sourcecode.cpp.cpp; path = GroupData.cpp; sourceTree = "<group>"; };
		9B1484141693D68F007FC679 /* GroupData.h */ = {isa = PBXFileReference; fileEncoding = 4; lastKnownFileType = sourcecode.c.h; path = GroupData.h; sourceTree = "<group>"; };
		9B1484151693D68F007FC679 /* NoPLInterface.h */ = {isa = PBXFileReference; fileEncoding = 4; lastKnownFileType = sourcecode.c.h; path = NoPLInterface.h; sourceTree = "<group>"; };
		9B1484161693D68F007FC679 /* NotationData.cpp */ = {isa = PBXFileReference; fileEncoding = 4; lastKnownFileType = sourcecode.cpp.cpp; path = NotationData.cpp; sourceTree = "<group>"; };
		9B1484171693D68F007FC679 /* NotationData.h */ = {isa = PBXFileReference; fileEncoding = 4; lastKnownFileType = sourcecode.c.h; path = NotationData.h; sourceTree = "<group>"; };
		9B1484181693D68F007FC679 /* SchemaData.cpp */ = {isa = PBXFileReference; fileEncoding = 4; lastKnownFileType = sourcecode.cpp.cpp; path = SchemaData.cpp; sourceTree = "<group>"; };
		9B1484191693D68F007FC679 /* SchemaData.h */ = {isa = PBXFileReference; fileEncoding = 4; lastKnownFileType = sourcecode.c.h; path = SchemaData.h; sourceTree = "<group>"; };
		9B14841A1693D68F007FC679 /* SimpleTypeData.cpp */ = {isa = PBXFileReference; fileEncoding = 4; lastKnownFileType = sourcecode.cpp.cpp; path = SimpleTypeData.cpp; sourceTree = "<group>"; };
		9B14841B1693D68F007FC679 /* SimpleTypeData.h */ = {isa = PBXFileReference; fileEncoding = 4; lastKnownFileType = sourcecode.c.h; path = SimpleTypeData.h; sourceTree = "<group>"; };
		9B1484271693D6A9007FC679 /* NoPLVector.h */ = {isa = PBXFileReference; fileEncoding = 4; lastKnownFileType = sourcecode.c.h; path = NoPLVector.h; sourceTree = "<group>"; };
		A2D77DE31692526400E892D1 /* libxml2.dylib */ = {isa = PBXFileReference; lastKnownFileType = "compiled.mach-o.dylib"; name = libxml2.dylib; path = usr/lib/libxml2.dylib; sourceTree = SDKROOT; };
/* End PBXFileReference section */

/* Begin PBXFrameworksBuildPhase section */
		9B148219168F6184007FC679 /* Frameworks */ = {
			isa = PBXFrameworksBuildPhase;
			buildActionMask = 2147483647;
			files = (
				A2D77DE61692536100E892D1 /* libxml2.dylib in Frameworks */,
				9B1483A2168F67AE007FC679 /* libNoPLc.a in Frameworks */,
				9B1483A3168F67AE007FC679 /* libNoPLRuntime.a in Frameworks */,
			);
			runOnlyForDeploymentPostprocessing = 0;
		};
/* End PBXFrameworksBuildPhase section */

/* Begin PBXGroup section */
		9B148211168F6184007FC679 = {
			isa = PBXGroup;
			children = (
				A2D77DE31692526400E892D1 /* libxml2.dylib */,
				9B14832C168F67AE007FC679 /* NoPL_repo */,
				9B14821F168F6184007FC679 /* NoPLGenerator */,
				9B14821D168F6184007FC679 /* Products */,
			);
			sourceTree = "<group>";
		};
		9B14821D168F6184007FC679 /* Products */ = {
			isa = PBXGroup;
			children = (
				9B14821C168F6184007FC679 /* NoPLGenerator */,
			);
			name = Products;
			sourceTree = "<group>";
		};
		9B14821F168F6184007FC679 /* NoPLGenerator */ = {
			isa = PBXGroup;
			children = (
				9B1484081693D68F007FC679 /* DataRepresentation */,
				9B14841C1693D68F007FC679 /* NoPLSupport */,
				9B148220168F6184007FC679 /* main.cpp */,
				9B148222168F6184007FC679 /* NoPLGenerator.1 */,
			);
			path = NoPLGenerator;
			sourceTree = "<group>";
		};
		9B14832C168F67AE007FC679 /* NoPL_repo */ = {
			isa = PBXGroup;
			children = (
				9B14832F168F67AE007FC679 /* CompiledLibs */,
			);
			path = NoPL_repo;
			sourceTree = "<group>";
		};
		9B14832F168F67AE007FC679 /* CompiledLibs */ = {
			isa = PBXGroup;
			children = (
				9B148330168F67AE007FC679 /* compiler */,
				9B148334168F67AE007FC679 /* runtime */,
			);
			path = CompiledLibs;
			sourceTree = "<group>";
		};
		9B148330168F67AE007FC679 /* compiler */ = {
			isa = PBXGroup;
			children = (
				9B148331168F67AE007FC679 /* include */,
				9B148333168F67AE007FC679 /* libNoPLc.a */,
			);
			path = compiler;
			sourceTree = "<group>";
		};
		9B148331168F67AE007FC679 /* include */ = {
			isa = PBXGroup;
			children = (
				9B148332168F67AE007FC679 /* NoPLc.h */,
			);
			path = include;
			sourceTree = "<group>";
		};
		9B148334168F67AE007FC679 /* runtime */ = {
			isa = PBXGroup;
			children = (
				9B148335168F67AE007FC679 /* include */,
				9B148339168F67AE007FC679 /* libNoPLRuntime.a */,
			);
			path = runtime;
			sourceTree = "<group>";
		};
		9B148335168F67AE007FC679 /* include */ = {
			isa = PBXGroup;
			children = (
				9B148336168F67AE007FC679 /* NoPLRuntime.h */,
				9B148337168F67AE007FC679 /* NoPLStandardFunctions.h */,
				9B148338168F67AE007FC679 /* NoPLValues.h */,
			);
			path = include;
			sourceTree = "<group>";
		};
		9B1484081693D68F007FC679 /* DataRepresentation */ = {
			isa = PBXGroup;
			children = (
				9B1484091693D68F007FC679 /* AttributeData.cpp */,
				9B14840A1693D68F007FC679 /* AttributeData.h */,
				9B14840B1693D68F007FC679 /* AttributeGroupData.cpp */,
				9B14840C1693D68F007FC679 /* AttributeGroupData.h */,
				9B14840F1693D68F007FC679 /* ComplexTypeData.cpp */,
				9B1484101693D68F007FC679 /* ComplexTypeData.h */,
				9B1484111693D68F007FC679 /* ElementData.cpp */,
				9B1484121693D68F007FC679 /* ElementData.h */,
				9B1484131693D68F007FC679 /* GroupData.cpp */,
				9B1484141693D68F007FC679 /* GroupData.h */,
				9B1484151693D68F007FC679 /* NoPLInterface.h */,
				9B1484161693D68F007FC679 /* NotationData.cpp */,
				9B1484171693D68F007FC679 /* NotationData.h */,
				9B1484181693D68F007FC679 /* SchemaData.cpp */,
				9B1484191693D68F007FC679 /* SchemaData.h */,
				9B14841A1693D68F007FC679 /* SimpleTypeData.cpp */,
				9B14841B1693D68F007FC679 /* SimpleTypeData.h */,
			);
			path = DataRepresentation;
			sourceTree = "<group>";
		};
		9B14841C1693D68F007FC679 /* NoPLSupport */ = {
			isa = PBXGroup;
			children = (
				9B1484271693D6A9007FC679 /* NoPLVector.h */,
			);
			path = NoPLSupport;
			sourceTree = "<group>";
		};
/* End PBXGroup section */

/* Begin PBXNativeTarget section */
		9B14821B168F6184007FC679 /* NoPLGenerator */ = {
			isa = PBXNativeTarget;
			buildConfigurationList = 9B148226168F6184007FC679 /* Build configuration list for PBXNativeTarget "NoPLGenerator" */;
			buildPhases = (
				9B148218168F6184007FC679 /* Sources */,
				9B148219168F6184007FC679 /* Frameworks */,
				9B14821A168F6184007FC679 /* CopyFiles */,
			);
			buildRules = (
			);
			dependencies = (
			);
			name = NoPLGenerator;
			productName = NoPLGenerator;
			productReference = 9B14821C168F6184007FC679 /* NoPLGenerator */;
			productType = "com.apple.product-type.tool";
		};
/* End PBXNativeTarget section */

/* Begin PBXProject section */
		9B148213168F6184007FC679 /* Project object */ = {
			isa = PBXProject;
			attributes = {
				LastUpgradeCheck = 0450;
				ORGANIZATIONNAME = "Brad Bambara";
			};
			buildConfigurationList = 9B148216168F6184007FC679 /* Build configuration list for PBXProject "NoPLGenerator" */;
			compatibilityVersion = "Xcode 3.2";
			developmentRegion = English;
			hasScannedForEncodings = 0;
			knownRegions = (
				en,
			);
			mainGroup = 9B148211168F6184007FC679;
			productRefGroup = 9B14821D168F6184007FC679 /* Products */;
			projectDirPath = "";
			projectRoot = "";
			targets = (
				9B14821B168F6184007FC679 /* NoPLGenerator */,
			);
		};
/* End PBXProject section */

/* Begin PBXSourcesBuildPhase section */
		9B148218168F6184007FC679 /* Sources */ = {
			isa = PBXSourcesBuildPhase;
			buildActionMask = 2147483647;
			files = (
				9B148221168F6184007FC679 /* main.cpp in Sources */,
				9B14841D1693D68F007FC679 /* AttributeData.cpp in Sources */,
				9B14841E1693D68F007FC679 /* AttributeGroupData.cpp in Sources */,
				9B1484201693D68F007FC679 /* ComplexTypeData.cpp in Sources */,
				9B1484211693D68F007FC679 /* ElementData.cpp in Sources */,
				9B1484221693D68F007FC679 /* GroupData.cpp in Sources */,
				9B1484231693D68F007FC679 /* NotationData.cpp in Sources */,
				9B1484241693D68F007FC679 /* SchemaData.cpp in Sources */,
				9B1484251693D68F007FC679 /* SimpleTypeData.cpp in Sources */,
			);
			runOnlyForDeploymentPostprocessing = 0;
		};
/* End PBXSourcesBuildPhase section */

/* Begin XCBuildConfiguration section */
		9B148224168F6184007FC679 /* Debug */ = {
			isa = XCBuildConfiguration;
			buildSettings = {
				ALWAYS_SEARCH_USER_PATHS = NO;
				ARCHS = "$(ARCHS_STANDARD_64_BIT)";
				CLANG_CXX_LANGUAGE_STANDARD = "gnu++0x";
				CLANG_CXX_LIBRARY = "libc++";
				CLANG_ENABLE_OBJC_ARC = YES;
				CLANG_WARN_EMPTY_BODY = YES;
				CLANG_WARN__DUPLICATE_METHOD_MATCH = YES;
				COPY_PHASE_STRIP = NO;
				GCC_C_LANGUAGE_STANDARD = gnu99;
				GCC_DYNAMIC_NO_PIC = NO;
				GCC_ENABLE_OBJC_EXCEPTIONS = YES;
				GCC_OPTIMIZATION_LEVEL = 0;
				GCC_PREPROCESSOR_DEFINITIONS = (
					"DEBUG=1",
					"$(inherited)",
				);
				GCC_SYMBOLS_PRIVATE_EXTERN = NO;
				GCC_WARN_64_TO_32_BIT_CONVERSION = YES;
				GCC_WARN_ABOUT_RETURN_TYPE = YES;
				GCC_WARN_UNINITIALIZED_AUTOS = YES;
				GCC_WARN_UNUSED_VARIABLE = YES;
				HEADER_SEARCH_PATHS = /usr/include/libxml2;
				LIBRARY_SEARCH_PATHS = "";
				MACOSX_DEPLOYMENT_TARGET = 10.8;
				ONLY_ACTIVE_ARCH = YES;
				OTHER_LDFLAGS = "";
				SDKROOT = macosx;
			};
			name = Debug;
		};
		9B148225168F6184007FC679 /* Release */ = {
			isa = XCBuildConfiguration;
			buildSettings = {
				ALWAYS_SEARCH_USER_PATHS = NO;
				ARCHS = "$(ARCHS_STANDARD_64_BIT)";
				CLANG_CXX_LANGUAGE_STANDARD = "gnu++0x";
				CLANG_CXX_LIBRARY = "libc++";
				CLANG_ENABLE_OBJC_ARC = YES;
				CLANG_WARN_EMPTY_BODY = YES;
				CLANG_WARN__DUPLICATE_METHOD_MATCH = YES;
				COPY_PHASE_STRIP = YES;
				DEBUG_INFORMATION_FORMAT = "dwarf-with-dsym";
				GCC_C_LANGUAGE_STANDARD = gnu99;
				GCC_ENABLE_OBJC_EXCEPTIONS = YES;
				GCC_WARN_64_TO_32_BIT_CONVERSION = YES;
				GCC_WARN_ABOUT_RETURN_TYPE = YES;
				GCC_WARN_UNINITIALIZED_AUTOS = YES;
				GCC_WARN_UNUSED_VARIABLE = YES;
				HEADER_SEARCH_PATHS = /usr/include/libxml2;
				LIBRARY_SEARCH_PATHS = "";
				MACOSX_DEPLOYMENT_TARGET = 10.8;
				OTHER_LDFLAGS = "";
				SDKROOT = macosx;
			};
			name = Release;
		};
		9B148227168F6184007FC679 /* Debug */ = {
			isa = XCBuildConfiguration;
			buildSettings = {
				LIBRARY_SEARCH_PATHS = (
					"$(inherited)",
					"\"$(SRCROOT)/NoPL_repo/CompiledLibs/compiler\"",
					"\"$(SRCROOT)/NoPL_repo/CompiledLibs/runtime\"",
				);
				PRODUCT_NAME = "$(TARGET_NAME)";
			};
			name = Debug;
		};
		9B148228168F6184007FC679 /* Release */ = {
			isa = XCBuildConfiguration;
			buildSettings = {
				LIBRARY_SEARCH_PATHS = (
					"$(inherited)",
					"\"$(SRCROOT)/NoPL_repo/CompiledLibs/compiler\"",
					"\"$(SRCROOT)/NoPL_repo/CompiledLibs/runtime\"",
				);
				PRODUCT_NAME = "$(TARGET_NAME)";
			};
			name = Release;
		};
/* End XCBuildConfiguration section */

/* Begin XCConfigurationList section */
		9B148216168F6184007FC679 /* Build configuration list for PBXProject "NoPLGenerator" */ = {
			isa = XCConfigurationList;
			buildConfigurations = (
				9B148224168F6184007FC679 /* Debug */,
				9B148225168F6184007FC679 /* Release */,
			);
			defaultConfigurationIsVisible = 0;
			defaultConfigurationName = Release;
		};
		9B148226168F6184007FC679 /* Build configuration list for PBXNativeTarget "NoPLGenerator" */ = {
			isa = XCConfigurationList;
			buildConfigurations = (
				9B148227168F6184007FC679 /* Debug */,
				9B148228168F6184007FC679 /* Release */,
			);
			defaultConfigurationIsVisible = 0;
			defaultConfigurationName = Release;
		};
/* End XCConfigurationList section */
	};
	rootObject = 9B148213168F6184007FC679 /* Project object */;
}
